dependencies:
- name: opensearch
  repository: https://opensearch-project.github.io/helm-charts/
  version: 2.31.0
- name: opensearch-dashboards
  repository: https://opensearch-project.github.io/helm-charts/
  version: 2.27.1
digest: sha256:84dfd3e6dcfaed02b5b94627780c6ccf3758d18f1b1a511607869d725eabd680
generated: "2025-02-26T15:33:07.750634076+01:00"
